
Microsoft Visual Studio Solution File, Format Version 12.00
# Visual Studio 15
VisualStudioVersion = 15.0.27004.2005
MinimumVisualStudioVersion = 10.0.40219.1
Project("{FAE04EC0-301F-11D3-BF4B-00C04F79EFBC}") = "Tourspider.Ticketmaster.Sdk", "Tourspider.Ticketmaster.Sdk\Tourspider.Ticketmaster.Sdk.csproj", "{90C4E5F6-FB28-4C9A-9609-1603FA2556E4}"
EndProject
Project("{FAE04EC0-301F-11D3-BF4B-00C04F79EFBC}") = "Test", "Test\Test.csproj", "{ABC98A57-45A0-41C7-9C1F-246B1B823C8A}"
EndProject
Global
	GlobalSection(SolutionConfigurationPlatforms) = preSolution
		Debug|Any CPU = Debug|Any CPU
		Release|Any CPU = Release|Any CPU
	EndGlobalSection
	GlobalSection(ProjectConfigurationPlatforms) = postSolution
		{90C4E5F6-FB28-4C9A-9609-1603FA2556E4}.Debug|Any CPU.ActiveCfg = Debug|Any CPU
		{90C4E5F6-FB28-4C9A-9609-1603FA2556E4}.Debug|Any CPU.Build.0 = Debug|Any CPU
		{90C4E5F6-FB28-4C9A-9609-1603FA2556E4}.Release|Any CPU.ActiveCfg = Release|Any CPU
		{90C4E5F6-FB28-4C9A-9609-1603FA2556E4}.Release|Any CPU.Build.0 = Release|Any CPU
		{ABC98A57-45A0-41C7-9C1F-246B1B823C8A}.Debug|Any CPU.ActiveCfg = Debug|Any CPU
		{ABC98A57-45A0-41C7-9C1F-246B1B823C8A}.Debug|Any CPU.Build.0 = Debug|Any CPU
		{ABC98A57-45A0-41C7-9C1F-246B1B823C8A}.Release|Any CPU.ActiveCfg = Release|Any CPU
		{ABC98A57-45A0-41C7-9C1F-246B1B823C8A}.Release|Any CPU.Build.0 = Release|Any CPU
	EndGlobalSection
	GlobalSection(SolutionProperties) = preSolution
		HideSolutionNode = FALSE
	EndGlobalSection
	GlobalSection(ExtensibilityGlobals) = postSolution
		SolutionGuid = {423A5477-8D76-4DD4-88ED-3A511C9AC4F2}
	EndGlobalSection
EndGlobal
